// !$*UTF8*$!
{
	archiveVersion = 1;
	classes = {
	};
	objectVersion = 51;
	objects = {

/* Begin PBXBuildFile section */
		04073495251F381A003E3C3E /* Global.swift in Sources */ = {isa = PBXBuildFile; fileRef = 04073494251F381A003E3C3E /* Global.swift */; };
		040734B5251F49FA003E3C3E /* UIColorExtension.swift in Sources */ = {isa = PBXBuildFile; fileRef = 040734B4251F49FA003E3C3E /* UIColorExtension.swift */; };
		040734BD251F4A0D003E3C3E /* ParallaxHeaderMode.swift in Sources */ = {isa = PBXBuildFile; fileRef = 040734BC251F4A0D003E3C3E /* ParallaxHeaderMode.swift */; };
		040734C2251F4A1D003E3C3E /* UIScrollView+ParallaxHeader.swift in Sources */ = {isa = PBXBuildFile; fileRef = 040734C1251F4A1D003E3C3E /* UIScrollView+ParallaxHeader.swift */; };
		040734C7251F4A8C003E3C3E /* ParallaxHeader.swift in Sources */ = {isa = PBXBuildFile; fileRef = 040734C6251F4A8C003E3C3E /* ParallaxHeader.swift */; };
		040734CC251F4AFC003E3C3E /* BaseController.swift in Sources */ = {isa = PBXBuildFile; fileRef = 040734CB251F4AFC003E3C3E /* BaseController.swift */; };
		040734D4251F4B0E003E3C3E /* NaviController.swift in Sources */ = {isa = PBXBuildFile; fileRef = 040734D3251F4B0E003E3C3E /* NaviController.swift */; };
		040734D9251F4B1B003E3C3E /* TabBarController.swift in Sources */ = {isa = PBXBuildFile; fileRef = 040734D8251F4B1B003E3C3E /* TabBarController.swift */; };
		040734DE251F4B3A003E3C3E /* BaseTableViewCell.swift in Sources */ = {isa = PBXBuildFile; fileRef = 040734DD251F4B3A003E3C3E /* BaseTableViewCell.swift */; };
		040734E3251F4B4D003E3C3E /* MineHeaderView.swift in Sources */ = {isa = PBXBuildFile; fileRef = 040734E2251F4B4D003E3C3E /* MineHeaderView.swift */; };
		040734E8251F4B5D003E3C3E /* MineController.swift in Sources */ = {isa = PBXBuildFile; fileRef = 040734E7251F4B5D003E3C3E /* MineController.swift */; };
		0431189C251F36D00077AE9B /* AppDelegate.swift in Sources */ = {isa = PBXBuildFile; fileRef = 0431189B251F36D00077AE9B /* AppDelegate.swift */; };
		0431189E251F36D00077AE9B /* SceneDelegate.swift in Sources */ = {isa = PBXBuildFile; fileRef = 0431189D251F36D00077AE9B /* SceneDelegate.swift */; };
		043118A0251F36D00077AE9B /* ViewController.swift in Sources */ = {isa = PBXBuildFile; fileRef = 0431189F251F36D00077AE9B /* ViewController.swift */; };
		043118A3251F36D00077AE9B /* Main.storyboard in Resources */ = {isa = PBXBuildFile; fileRef = 043118A1251F36D00077AE9B /* Main.storyboard */; };
		043118A5251F36D40077AE9B /* Assets.xcassets in Resources */ = {isa = PBXBuildFile; fileRef = 043118A4251F36D40077AE9B /* Assets.xcassets */; };
		043118A8251F36D40077AE9B /* LaunchScreen.storyboard in Resources */ = {isa = PBXBuildFile; fileRef = 043118A6251F36D40077AE9B /* LaunchScreen.storyboard */; };
		043118B3251F36D40077AE9B /* YyaoqiTests.swift in Sources */ = {isa = PBXBuildFile; fileRef = 043118B2251F36D40077AE9B /* YyaoqiTests.swift */; };
		043118BE251F36D40077AE9B /* YyaoqiUITests.swift in Sources */ = {isa = PBXBuildFile; fileRef = 043118BD251F36D40077AE9B /* YyaoqiUITests.swift */; };
		043FB3BD25209DBB00A36BFC /* SearchController.swift in Sources */ = {isa = PBXBuildFile; fileRef = 043FB3BC25209DBB00A36BFC /* SearchController.swift */; };
		043FB3C225209DD000A36BFC /* SearchHeaderView.swift in Sources */ = {isa = PBXBuildFile; fileRef = 043FB3C125209DD000A36BFC /* SearchHeaderView.swift */; };
		045E483A251F4DB80024C97E /* HomeController.swift in Sources */ = {isa = PBXBuildFile; fileRef = 045E4839251F4DB80024C97E /* HomeController.swift */; };
		045E483F251F4DE80024C97E /* PageController.swift in Sources */ = {isa = PBXBuildFile; fileRef = 045E483E251F4DE80024C97E /* PageController.swift */; };
		0465A56F25205E330065F014 /* API.swift in Sources */ = {isa = PBXBuildFile; fileRef = 0465A56E25205E330065F014 /* API.swift */; };
		0465A57425206B090065F014 /* Model.swift in Sources */ = {isa = PBXBuildFile; fileRef = 0465A57325206B090065F014 /* Model.swift */; };
		04B054322520DB8900E030B8 /* SearchCollectionViewCell.swift in Sources */ = {isa = PBXBuildFile; fileRef = 04B054312520DB8900E030B8 /* SearchCollectionViewCell.swift */; };
		8668B5F34425269605223BE4 /* Pods_YyaoqiTests.framework in Frameworks */ = {isa = PBXBuildFile; fileRef = 463A1570E3DBC28C5FEAD8B1 /* Pods_YyaoqiTests.framework */; };
		9E3BCFEDC96A0070214E7F26 /* Pods_Yyaoqi.framework in Frameworks */ = {isa = PBXBuildFile; fileRef = 83E17CBE04B34E626351B669 /* Pods_Yyaoqi.framework */; };
		BA081CAA7529395BF68D0968 /* Pods_Yyaoqi_YyaoqiUITests.framework in Frameworks */ = {isa = PBXBuildFile; fileRef = B9094CC3363E2EEDA22C5AC8 /* Pods_Yyaoqi_YyaoqiUITests.framework */; };
/* End PBXBuildFile section */

/* Begin PBXContainerItemProxy section */
		043118AF251F36D40077AE9B /* PBXContainerItemProxy */ = {
			isa = PBXContainerItemProxy;
			containerPortal = 04311890251F36D00077AE9B /* Project object */;
			proxyType = 1;
			remoteGlobalIDString = 04311897251F36D00077AE9B;
			remoteInfo = Yyaoqi;
		};
		043118BA251F36D40077AE9B /* PBXContainerItemProxy */ = {
			isa = PBXContainerItemProxy;
			containerPortal = 04311890251F36D00077AE9B /* Project object */;
			proxyType = 1;
			remoteGlobalIDString = 04311897251F36D00077AE9B;
			remoteInfo = Yyaoqi;
		};
/* End PBXContainerItemProxy section */

/* Begin PBXFileReference section */
		04073494251F381A003E3C3E /* Global.swift */ = {isa = PBXFileReference; lastKnownFileType = sourcecode.swift; path = Global.swift; sourceTree = "<group>"; };
		040734B4251F49FA003E3C3E /* UIColorExtension.swift */ = {isa = PBXFileReference; lastKnownFileType = sourcecode.swift; path = UIColorExtension.swift; sourceTree = "<group>"; };
		040734BC251F4A0D003E3C3E /* ParallaxHeaderMode.swift */ = {isa = PBXFileReference; lastKnownFileType = sourcecode.swift; path = ParallaxHeaderMode.swift; sourceTree = "<group>"; };
		040734C1251F4A1D003E3C3E /* UIScrollView+ParallaxHeader.swift */ = {isa = PBXFileReference; lastKnownFileType = sourcecode.swift; path = "UIScrollView+ParallaxHeader.swift"; sourceTree = "<group>"; };
		040734C6251F4A8C003E3C3E /* ParallaxHeader.swift */ = {isa = PBXFileReference; lastKnownFileType = sourcecode.swift; path = ParallaxHeader.swift; sourceTree = "<group>"; };
		040734CB251F4AFC003E3C3E /* BaseController.swift */ = {isa = PBXFileReference; lastKnownFileType = sourcecode.swift; path = BaseController.swift; sourceTree = "<group>"; };
		040734D3251F4B0E003E3C3E /* NaviController.swift */ = {isa = PBXFileReference; lastKnownFileType = sourcecode.swift; path = NaviController.swift; sourceTree = "<group>"; };
		040734D8251F4B1B003E3C3E /* TabBarController.swift */ = {isa = PBXFileReference; lastKnownFileType = sourcecode.swift; path = TabBarController.swift; sourceTree = "<group>"; };
		040734DD251F4B3A003E3C3E /* BaseTableViewCell.swift */ = {isa = PBXFileReference; lastKnownFileType = sourcecode.swift; path = BaseTableViewCell.swift; sourceTree = "<group>"; };
		040734E2251F4B4D003E3C3E /* MineHeaderView.swift */ = {isa = PBXFileReference; lastKnownFileType = sourcecode.swift; path = MineHeaderView.swift; sourceTree = "<group>"; };
		040734E7251F4B5D003E3C3E /* MineController.swift */ = {isa = PBXFileReference; lastKnownFileType = sourcecode.swift; path = MineController.swift; sourceTree = "<group>"; };
		04311898251F36D00077AE9B /* Yyaoqi.app */ = {isa = PBXFileReference; explicitFileType = wrapper.application; includeInIndex = 0; path = Yyaoqi.app; sourceTree = BUILT_PRODUCTS_DIR; };
		0431189B251F36D00077AE9B /* AppDelegate.swift */ = {isa = PBXFileReference; lastKnownFileType = sourcecode.swift; path = AppDelegate.swift; sourceTree = "<group>"; };
		0431189D251F36D00077AE9B /* SceneDelegate.swift */ = {isa = PBXFileReference; lastKnownFileType = sourcecode.swift; path = SceneDelegate.swift; sourceTree = "<group>"; };
		0431189F251F36D00077AE9B /* ViewController.swift */ = {isa = PBXFileReference; lastKnownFileType = sourcecode.swift; path = ViewController.swift; sourceTree = "<group>"; };
		043118A2251F36D00077AE9B /* Base */ = {isa = PBXFileReference; lastKnownFileType = file.storyboard; name = Base; path = Base.lproj/Main.storyboard; sourceTree = "<group>"; };
		043118A4251F36D40077AE9B /* Assets.xcassets */ = {isa = PBXFileReference; lastKnownFileType = folder.assetcatalog; path = Assets.xcassets; sourceTree = "<group>"; };
		043118A7251F36D40077AE9B /* Base */ = {isa = PBXFileReference; lastKnownFileType = file.storyboard; name = Base; path = Base.lproj/LaunchScreen.storyboard; sourceTree = "<group>"; };
		043118A9251F36D40077AE9B /* Info.plist */ = {isa = PBXFileReference; lastKnownFileType = text.plist.xml; path = Info.plist; sourceTree = "<group>"; };
		043118AE251F36D40077AE9B /* YyaoqiTests.xctest */ = {isa = PBXFileReference; explicitFileType = wrapper.cfbundle; includeInIndex = 0; path = YyaoqiTests.xctest; sourceTree = BUILT_PRODUCTS_DIR; };
		043118B2251F36D40077AE9B /* YyaoqiTests.swift */ = {isa = PBXFileReference; lastKnownFileType = sourcecode.swift; path = YyaoqiTests.swift; sourceTree = "<group>"; };
		043118B4251F36D40077AE9B /* Info.plist */ = {isa = PBXFileReference; lastKnownFileType = text.plist.xml; path = Info.plist; sourceTree = "<group>"; };
		043118B9251F36D40077AE9B /* YyaoqiUITests.xctest */ = {isa = PBXFileReference; explicitFileType = wrapper.cfbundle; includeInIndex = 0; path = YyaoqiUITests.xctest; sourceTree = BUILT_PRODUCTS_DIR; };
		043118BD251F36D40077AE9B /* YyaoqiUITests.swift */ = {isa = PBXFileReference; lastKnownFileType = sourcecode.swift; path = YyaoqiUITests.swift; sourceTree = "<group>"; };
		043118BF251F36D40077AE9B /* Info.plist */ = {isa = PBXFileReference; lastKnownFileType = text.plist.xml; path = Info.plist; sourceTree = "<group>"; };
		043FB3BC25209DBB00A36BFC /* SearchController.swift */ = {isa = PBXFileReference; lastKnownFileType = sourcecode.swift; path = SearchController.swift; sourceTree = "<group>"; };
		043FB3C125209DD000A36BFC /* SearchHeaderView.swift */ = {isa = PBXFileReference; lastKnownFileType = sourcecode.swift; path = SearchHeaderView.swift; sourceTree = "<group>"; };
		045E4839251F4DB80024C97E /* HomeController.swift */ = {isa = PBXFileReference; lastKnownFileType = sourcecode.swift; path = HomeController.swift; sourceTree = "<group>"; };
		045E483E251F4DE80024C97E /* PageController.swift */ = {isa = PBXFileReference; lastKnownFileType = sourcecode.swift; path = PageController.swift; sourceTree = "<group>"; };
		0465A56E25205E330065F014 /* API.swift */ = {isa = PBXFileReference; lastKnownFileType = sourcecode.swift; path = API.swift; sourceTree = "<group>"; };
		0465A57325206B090065F014 /* Model.swift */ = {isa = PBXFileReference; lastKnownFileType = sourcecode.swift; path = Model.swift; sourceTree = "<group>"; };
		04B054312520DB8900E030B8 /* SearchCollectionViewCell.swift */ = {isa = PBXFileReference; lastKnownFileType = sourcecode.swift; path = SearchCollectionViewCell.swift; sourceTree = "<group>"; };
		463A1570E3DBC28C5FEAD8B1 /* Pods_YyaoqiTests.framework */ = {isa = PBXFileReference; explicitFileType = wrapper.framework; includeInIndex = 0; path = Pods_YyaoqiTests.framework; sourceTree = BUILT_PRODUCTS_DIR; };
		743C233224A27E255AC7FB6D /* Pods-Yyaoqi.release.xcconfig */ = {isa = PBXFileReference; includeInIndex = 1; lastKnownFileType = text.xcconfig; name = "Pods-Yyaoqi.release.xcconfig"; path = "Target Support Files/Pods-Yyaoqi/Pods-Yyaoqi.release.xcconfig"; sourceTree = "<group>"; };
		83E17CBE04B34E626351B669 /* Pods_Yyaoqi.framework */ = {isa = PBXFileReference; explicitFileType = wrapper.framework; includeInIndex = 0; path = Pods_Yyaoqi.framework; sourceTree = BUILT_PRODUCTS_DIR; };
		9B59D13794AF5387E00BE302 /* Pods-Yyaoqi-YyaoqiUITests.debug.xcconfig */ = {isa = PBXFileReference; includeInIndex = 1; lastKnownFileType = text.xcconfig; name = "Pods-Yyaoqi-YyaoqiUITests.debug.xcconfig"; path = "Target Support Files/Pods-Yyaoqi-YyaoqiUITests/Pods-Yyaoqi-YyaoqiUITests.debug.xcconfig"; sourceTree = "<group>"; };
		9B76E6DECE084F99F6E8F347 /* Pods-YyaoqiTests.debug.xcconfig */ = {isa = PBXFileReference; includeInIndex = 1; lastKnownFileType = text.xcconfig; name = "Pods-YyaoqiTests.debug.xcconfig"; path = "Target Support Files/Pods-YyaoqiTests/Pods-YyaoqiTests.debug.xcconfig"; sourceTree = "<group>"; };
		B9094CC3363E2EEDA22C5AC8 /* Pods_Yyaoqi_YyaoqiUITests.framework */ = {isa = PBXFileReference; explicitFileType = wrapper.framework; includeInIndex = 0; path = Pods_Yyaoqi_YyaoqiUITests.framework; sourceTree = BUILT_PRODUCTS_DIR; };
		B997060F75FFF2810DCC8C35 /* Pods-Yyaoqi.debug.xcconfig */ = {isa = PBXFileReference; includeInIndex = 1; lastKnownFileType = text.xcconfig; name = "Pods-Yyaoqi.debug.xcconfig"; path = "Target Support Files/Pods-Yyaoqi/Pods-Yyaoqi.debug.xcconfig"; sourceTree = "<group>"; };
		DC92892E5FD6A51D499DDBB3 /* Pods-Yyaoqi-YyaoqiUITests.release.xcconfig */ = {isa = PBXFileReference; includeInIndex = 1; lastKnownFileType = text.xcconfig; name = "Pods-Yyaoqi-YyaoqiUITests.release.xcconfig"; path = "Target Support Files/Pods-Yyaoqi-YyaoqiUITests/Pods-Yyaoqi-YyaoqiUITests.release.xcconfig"; sourceTree = "<group>"; };
		F2F5F9EA3B2244679C55D0C0 /* Pods-YyaoqiTests.release.xcconfig */ = {isa = PBXFileReference; includeInIndex = 1; lastKnownFileType = text.xcconfig; name = "Pods-YyaoqiTests.release.xcconfig"; path = "Target Support Files/Pods-YyaoqiTests/Pods-YyaoqiTests.release.xcconfig"; sourceTree = "<group>"; };
/* End PBXFileReference section */

/* Begin PBXFrameworksBuildPhase section */
		04311895251F36D00077AE9B /* Frameworks */ = {
			isa = PBXFrameworksBuildPhase;
			buildActionMask = 2147483647;
			files = (
				9E3BCFEDC96A0070214E7F26 /* Pods_Yyaoqi.framework in Frameworks */,
			);
			runOnlyForDeploymentPostprocessing = 0;
		};
		043118AB251F36D40077AE9B /* Frameworks */ = {
			isa = PBXFrameworksBuildPhase;
			buildActionMask = 2147483647;
			files = (
				8668B5F34425269605223BE4 /* Pods_YyaoqiTests.framework in Frameworks */,
			);
			runOnlyForDeploymentPostprocessing = 0;
		};
		043118B6251F36D40077AE9B /* Frameworks */ = {
			isa = PBXFrameworksBuildPhase;
			buildActionMask = 2147483647;
			files = (
				BA081CAA7529395BF68D0968 /* Pods_Yyaoqi_YyaoqiUITests.framework in Frameworks */,
			);
			runOnlyForDeploymentPostprocessing = 0;
		};
/* End PBXFrameworksBuildPhase section */

/* Begin PBXGroup section */
		0407347C251F3806003E3C3E /* Other */ = {
			isa = PBXGroup;
			children = (
				0431189B251F36D00077AE9B /* AppDelegate.swift */,
				0431189D251F36D00077AE9B /* SceneDelegate.swift */,
				04073494251F381A003E3C3E /* Global.swift */,
			);
			path = Other;
			sourceTree = "<group>";
		};
		0407347D251F3806003E3C3E /* Controller */ = {
			isa = PBXGroup;
			children = (
				0407347E251F3806003E3C3E /* Controller */,
				04073491251F3806003E3C3E /* View */,
				04073490251F3806003E3C3E /* Model */,
			);
			path = Controller;
			sourceTree = "<group>";
		};
		0407347E251F3806003E3C3E /* Controller */ = {
			isa = PBXGroup;
			children = (
				04073487251F3806003E3C3E /* Base(父控制器) */,
				04073485251F3806003E3C3E /* Book(书架) */,
				04073486251F3806003E3C3E /* Cate(分类) */,
				04073484251F3806003E3C3E /* Comic(分类) */,
				0407347F251F3806003E3C3E /* Home(首页) */,
				04073480251F3806003E3C3E /* Mine(我的) */,
			);
			path = Controller;
			sourceTree = "<group>";
		};
		0407347F251F3806003E3C3E /* Home(首页) */ = {
			isa = PBXGroup;
			children = (
				040734EF251F4C61003E3C3E /* Controller */,
				040734F1251F4C61003E3C3E /* Model */,
				040734F0251F4C61003E3C3E /* View */,
			);
			path = "Home(首页)";
			sourceTree = "<group>";
		};
		04073480251F3806003E3C3E /* Mine(我的) */ = {
			isa = PBXGroup;
			children = (
				04073481251F3806003E3C3E /* Controller */,
				04073482251F3806003E3C3E /* Model */,
				04073483251F3806003E3C3E /* View */,
			);
			path = "Mine(我的)";
			sourceTree = "<group>";
		};
		04073481251F3806003E3C3E /* Controller */ = {
			isa = PBXGroup;
			children = (
				040734E7251F4B5D003E3C3E /* MineController.swift */,
			);
			path = Controller;
			sourceTree = "<group>";
		};
		04073482251F3806003E3C3E /* Model */ = {
			isa = PBXGroup;
			children = (
			);
			path = Model;
			sourceTree = "<group>";
		};
		04073483251F3806003E3C3E /* View */ = {
			isa = PBXGroup;
			children = (
				040734E2251F4B4D003E3C3E /* MineHeaderView.swift */,
			);
			path = View;
			sourceTree = "<group>";
		};
		04073484251F3806003E3C3E /* Comic(分类) */ = {
			isa = PBXGroup;
			children = (
			);
			path = "Comic(分类)";
			sourceTree = "<group>";
		};
		04073485251F3806003E3C3E /* Book(书架) */ = {
			isa = PBXGroup;
			children = (
			);
			path = "Book(书架)";
			sourceTree = "<group>";
		};
		04073486251F3806003E3C3E /* Cate(分类) */ = {
			isa = PBXGroup;
			children = (
			);
			path = "Cate(分类)";
			sourceTree = "<group>";
		};
		04073487251F3806003E3C3E /* Base(父控制器) */ = {
			isa = PBXGroup;
			children = (
				04073488251F3806003E3C3E /* Controller */,
				0407348E251F3806003E3C3E /* View */,
			);
			path = "Base(父控制器)";
			sourceTree = "<group>";
		};
		04073488251F3806003E3C3E /* Controller */ = {
			isa = PBXGroup;
			children = (
				0407348D251F3806003E3C3E /* 标签栏 */,
				0407348A251F3806003E3C3E /* 导航栏 */,
				04073489251F3806003E3C3E /* 分类导航控制器 */,
				0407348B251F3806003E3C3E /* 基类控制器 */,
				0407348C251F3806003E3C3E /* 网页控制器 */,
			);
			path = Controller;
			sourceTree = "<group>";
		};
		04073489251F3806003E3C3E /* 分类导航控制器 */ = {
			isa = PBXGroup;
			children = (
				045E483E251F4DE80024C97E /* PageController.swift */,
			);
			path = "分类导航控制器";
			sourceTree = "<group>";
		};
		0407348A251F3806003E3C3E /* 导航栏 */ = {
			isa = PBXGroup;
			children = (
				040734D3251F4B0E003E3C3E /* NaviController.swift */,
			);
			path = "导航栏";
			sourceTree = "<group>";
		};
		0407348B251F3806003E3C3E /* 基类控制器 */ = {
			isa = PBXGroup;
			children = (
				040734CB251F4AFC003E3C3E /* BaseController.swift */,
			);
			path = "基类控制器";
			sourceTree = "<group>";
		};
		0407348C251F3806003E3C3E /* 网页控制器 */ = {
			isa = PBXGroup;
			children = (
			);
			path = "网页控制器";
			sourceTree = "<group>";
		};
		0407348D251F3806003E3C3E /* 标签栏 */ = {
			isa = PBXGroup;
			children = (
				040734D8251F4B1B003E3C3E /* TabBarController.swift */,
			);
			path = "标签栏";
			sourceTree = "<group>";
		};
		0407348E251F3806003E3C3E /* View */ = {
			isa = PBXGroup;
			children = (
				0407348F251F3806003E3C3E /* 表视图基类 */,
			);
			path = View;
			sourceTree = "<group>";
		};
		0407348F251F3806003E3C3E /* 表视图基类 */ = {
			isa = PBXGroup;
			children = (
				040734DD251F4B3A003E3C3E /* BaseTableViewCell.swift */,
			);
			path = "表视图基类";
			sourceTree = "<group>";
		};
		04073490251F3806003E3C3E /* Model */ = {
			isa = PBXGroup;
			children = (
				0465A57325206B090065F014 /* Model.swift */,
			);
			path = Model;
			sourceTree = "<group>";
		};
		04073491251F3806003E3C3E /* View */ = {
			isa = PBXGroup;
			children = (
			);
			path = View;
			sourceTree = "<group>";
		};
		04073492251F3807003E3C3E /* API */ = {
			isa = PBXGroup;
			children = (
				0465A56E25205E330065F014 /* API.swift */,
			);
			path = API;
			sourceTree = "<group>";
		};
		04073493251F3807003E3C3E /* Common */ = {
			isa = PBXGroup;
			children = (
				040734B3251F49EF003E3C3E /* Extension */,
				040734B2251F49EF003E3C3E /* ParallaxHeader */,
			);
			path = Common;
			sourceTree = "<group>";
		};
		040734B2251F49EF003E3C3E /* ParallaxHeader */ = {
			isa = PBXGroup;
			children = (
				040734BC251F4A0D003E3C3E /* ParallaxHeaderMode.swift */,
				040734C1251F4A1D003E3C3E /* UIScrollView+ParallaxHeader.swift */,
				040734C6251F4A8C003E3C3E /* ParallaxHeader.swift */,
			);
			path = ParallaxHeader;
			sourceTree = "<group>";
		};
		040734B3251F49EF003E3C3E /* Extension */ = {
			isa = PBXGroup;
			children = (
				040734B4251F49FA003E3C3E /* UIColorExtension.swift */,
			);
			path = Extension;
			sourceTree = "<group>";
		};
		040734EF251F4C61003E3C3E /* Controller */ = {
			isa = PBXGroup;
			children = (
				040734F2251F4CAB003E3C3E /* 订阅 */,
				040734F4251F4CAB003E3C3E /* 排行 */,
				040734F5251F4CAB003E3C3E /* 搜索 */,
				040734F6251F4CAB003E3C3E /* 推荐 */,
				040734F3251F4CAB003E3C3E /* VIP */,
				045E4839251F4DB80024C97E /* HomeController.swift */,
			);
			path = Controller;
			sourceTree = "<group>";
		};
		040734F0251F4C61003E3C3E /* View */ = {
			isa = PBXGroup;
			children = (
				040734FA251F4CD4003E3C3E /* 订阅 */,
				040734F7251F4CD4003E3C3E /* 排行 */,
				040734F9251F4CD4003E3C3E /* 搜索 */,
				040734F8251F4CD4003E3C3E /* 推荐 */,
			);
			path = View;
			sourceTree = "<group>";
		};
		040734F1251F4C61003E3C3E /* Model */ = {
			isa = PBXGroup;
			children = (
			);
			path = Model;
			sourceTree = "<group>";
		};
		040734F2251F4CAB003E3C3E /* 订阅 */ = {
			isa = PBXGroup;
			children = (
			);
			path = "订阅";
			sourceTree = "<group>";
		};
		040734F3251F4CAB003E3C3E /* VIP */ = {
			isa = PBXGroup;
			children = (
			);
			path = VIP;
			sourceTree = "<group>";
		};
		040734F4251F4CAB003E3C3E /* 排行 */ = {
			isa = PBXGroup;
			children = (
			);
			path = "排行";
			sourceTree = "<group>";
		};
		040734F5251F4CAB003E3C3E /* 搜索 */ = {
			isa = PBXGroup;
			children = (
				043FB3BC25209DBB00A36BFC /* SearchController.swift */,
			);
			path = "搜索";
			sourceTree = "<group>";
		};
		040734F6251F4CAB003E3C3E /* 推荐 */ = {
			isa = PBXGroup;
			children = (
			);
			path = "推荐";
			sourceTree = "<group>";
		};
		040734F7251F4CD4003E3C3E /* 排行 */ = {
			isa = PBXGroup;
			children = (
			);
			path = "排行";
			sourceTree = "<group>";
		};
		040734F8251F4CD4003E3C3E /* 推荐 */ = {
			isa = PBXGroup;
			children = (
			);
			path = "推荐";
			sourceTree = "<group>";
		};
		040734F9251F4CD4003E3C3E /* 搜索 */ = {
			isa = PBXGroup;
			children = (
				043FB3C125209DD000A36BFC /* SearchHeaderView.swift */,
				04B054312520DB8900E030B8 /* SearchCollectionViewCell.swift */,
			);
			path = "搜索";
			sourceTree = "<group>";
		};
		040734FA251F4CD4003E3C3E /* 订阅 */ = {
			isa = PBXGroup;
			children = (
			);
			path = "订阅";
			sourceTree = "<group>";
		};
		0431188F251F36D00077AE9B = {
			isa = PBXGroup;
			children = (
				0431189A251F36D00077AE9B /* Yyaoqi */,
				043118B1251F36D40077AE9B /* YyaoqiTests */,
				043118BC251F36D40077AE9B /* YyaoqiUITests */,
				04311899251F36D00077AE9B /* Products */,
				D560E747FED039A3E69EC590 /* Pods */,
				9F8CC261501851D8EA8C14CC /* Frameworks */,
			);
			sourceTree = "<group>";
		};
		04311899251F36D00077AE9B /* Products */ = {
			isa = PBXGroup;
			children = (
				04311898251F36D00077AE9B /* Yyaoqi.app */,
				043118AE251F36D40077AE9B /* YyaoqiTests.xctest */,
				043118B9251F36D40077AE9B /* YyaoqiUITests.xctest */,
			);
			name = Products;
			sourceTree = "<group>";
		};
		0431189A251F36D00077AE9B /* Yyaoqi */ = {
			isa = PBXGroup;
			children = (
				04073492251F3807003E3C3E /* API */,
				04073493251F3807003E3C3E /* Common */,
				0407347D251F3806003E3C3E /* Controller */,
				0407347C251F3806003E3C3E /* Other */,
				0431189F251F36D00077AE9B /* ViewController.swift */,
				043118A1251F36D00077AE9B /* Main.storyboard */,
				043118A4251F36D40077AE9B /* Assets.xcassets */,
				043118A6251F36D40077AE9B /* LaunchScreen.storyboard */,
				043118A9251F36D40077AE9B /* Info.plist */,
			);
			path = Yyaoqi;
			sourceTree = "<group>";
		};
		043118B1251F36D40077AE9B /* YyaoqiTests */ = {
			isa = PBXGroup;
			children = (
				043118B2251F36D40077AE9B /* YyaoqiTests.swift */,
				043118B4251F36D40077AE9B /* Info.plist */,
			);
			path = YyaoqiTests;
			sourceTree = "<group>";
		};
		043118BC251F36D40077AE9B /* YyaoqiUITests */ = {
			isa = PBXGroup;
			children = (
				043118BD251F36D40077AE9B /* YyaoqiUITests.swift */,
				043118BF251F36D40077AE9B /* Info.plist */,
			);
			path = YyaoqiUITests;
			sourceTree = "<group>";
		};
		9F8CC261501851D8EA8C14CC /* Frameworks */ = {
			isa = PBXGroup;
			children = (
				83E17CBE04B34E626351B669 /* Pods_Yyaoqi.framework */,
				B9094CC3363E2EEDA22C5AC8 /* Pods_Yyaoqi_YyaoqiUITests.framework */,
				463A1570E3DBC28C5FEAD8B1 /* Pods_YyaoqiTests.framework */,
			);
			name = Frameworks;
			sourceTree = "<group>";
		};
		D560E747FED039A3E69EC590 /* Pods */ = {
			isa = PBXGroup;
			children = (
				B997060F75FFF2810DCC8C35 /* Pods-Yyaoqi.debug.xcconfig */,
				743C233224A27E255AC7FB6D /* Pods-Yyaoqi.release.xcconfig */,
				9B59D13794AF5387E00BE302 /* Pods-Yyaoqi-YyaoqiUITests.debug.xcconfig */,
				DC92892E5FD6A51D499DDBB3 /* Pods-Yyaoqi-YyaoqiUITests.release.xcconfig */,
				9B76E6DECE084F99F6E8F347 /* Pods-YyaoqiTests.debug.xcconfig */,
				F2F5F9EA3B2244679C55D0C0 /* Pods-YyaoqiTests.release.xcconfig */,
			);
			path = Pods;
			sourceTree = "<group>";
		};
/* End PBXGroup section */

/* Begin PBXNativeTarget section */
		04311897251F36D00077AE9B /* Yyaoqi */ = {
			isa = PBXNativeTarget;
			buildConfigurationList = 043118C2251F36D40077AE9B /* Build configuration list for PBXNativeTarget "Yyaoqi" */;
			buildPhases = (
				02A75E64DC7E1B271E9D66AF /* [CP] Check Pods Manifest.lock */,
				04311894251F36D00077AE9B /* Sources */,
				04311895251F36D00077AE9B /* Frameworks */,
				04311896251F36D00077AE9B /* Resources */,
				308B80BC1CCEB4B29E8FDA05 /* [CP] Embed Pods Frameworks */,
			);
			buildRules = (
			);
			dependencies = (
			);
			name = Yyaoqi;
			productName = Yyaoqi;
			productReference = 04311898251F36D00077AE9B /* Yyaoqi.app */;
			productType = "com.apple.product-type.application";
		};
		043118AD251F36D40077AE9B /* YyaoqiTests */ = {
			isa = PBXNativeTarget;
			buildConfigurationList = 043118C5251F36D40077AE9B /* Build configuration list for PBXNativeTarget "YyaoqiTests" */;
			buildPhases = (
				6BA27FD4F054D0931419FF50 /* [CP] Check Pods Manifest.lock */,
				043118AA251F36D40077AE9B /* Sources */,
				043118AB251F36D40077AE9B /* Frameworks */,
				043118AC251F36D40077AE9B /* Resources */,
			);
			buildRules = (
			);
			dependencies = (
				043118B0251F36D40077AE9B /* PBXTargetDependency */,
			);
			name = YyaoqiTests;
			productName = YyaoqiTests;
			productReference = 043118AE251F36D40077AE9B /* YyaoqiTests.xctest */;
			productType = "com.apple.product-type.bundle.unit-test";
		};
		043118B8251F36D40077AE9B /* YyaoqiUITests */ = {
			isa = PBXNativeTarget;
			buildConfigurationList = 043118C8251F36D40077AE9B /* Build configuration list for PBXNativeTarget "YyaoqiUITests" */;
			buildPhases = (
				B35FBC8801DDD1E3CDCB8121 /* [CP] Check Pods Manifest.lock */,
				043118B5251F36D40077AE9B /* Sources */,
				043118B6251F36D40077AE9B /* Frameworks */,
				043118B7251F36D40077AE9B /* Resources */,
				CEF5F0CF4E68FAF82AD01A9D /* [CP] Embed Pods Frameworks */,
			);
			buildRules = (
			);
			dependencies = (
				043118BB251F36D40077AE9B /* PBXTargetDependency */,
			);
			name = YyaoqiUITests;
			productName = YyaoqiUITests;
			productReference = 043118B9251F36D40077AE9B /* YyaoqiUITests.xctest */;
			productType = "com.apple.product-type.bundle.ui-testing";
		};
/* End PBXNativeTarget section */

/* Begin PBXProject section */
		04311890251F36D00077AE9B /* Project object */ = {
			isa = PBXProject;
			attributes = {
				LastSwiftUpdateCheck = 1200;
				LastUpgradeCheck = 1200;
				TargetAttributes = {
					04311897251F36D00077AE9B = {
						CreatedOnToolsVersion = 12.0.1;
					};
					043118AD251F36D40077AE9B = {
						CreatedOnToolsVersion = 12.0.1;
						TestTargetID = 04311897251F36D00077AE9B;
					};
					043118B8251F36D40077AE9B = {
						CreatedOnToolsVersion = 12.0.1;
						TestTargetID = 04311897251F36D00077AE9B;
					};
				};
			};
			buildConfigurationList = 04311893251F36D00077AE9B /* Build configuration list for PBXProject "Yyaoqi" */;
			compatibilityVersion = "Xcode 9.3";
			developmentRegion = en;
			hasScannedForEncodings = 0;
			knownRegions = (
				en,
				Base,
			);
			mainGroup = 0431188F251F36D00077AE9B;
			productRefGroup = 04311899251F36D00077AE9B /* Products */;
			projectDirPath = "";
			projectRoot = "";
			targets = (
				04311897251F36D00077AE9B /* Yyaoqi */,
				043118AD251F36D40077AE9B /* YyaoqiTests */,
				043118B8251F36D40077AE9B /* YyaoqiUITests */,
			);
		};
/* End PBXProject section */

/* Begin PBXResourcesBuildPhase section */
		04311896251F36D00077AE9B /* Resources */ = {
			isa = PBXResourcesBuildPhase;
			buildActionMask = 2147483647;
			files = (
				043118A8251F36D40077AE9B /* LaunchScreen.storyboard in Resources */,
				043118A5251F36D40077AE9B /* Assets.xcassets in Resources */,
				043118A3251F36D00077AE9B /* Main.storyboard in Resources */,
			);
			runOnlyForDeploymentPostprocessing = 0;
		};
		043118AC251F36D40077AE9B /* Resources */ = {
			isa = PBXResourcesBuildPhase;
			buildActionMask = 2147483647;
			files = (
			);
			runOnlyForDeploymentPostprocessing = 0;
		};
		043118B7251F36D40077AE9B /* Resources */ = {
			isa = PBXResourcesBuildPhase;
			buildActionMask = 2147483647;
			files = (
			);
			runOnlyForDeploymentPostprocessing = 0;
		};
/* End PBXResourcesBuildPhase section */

/* Begin PBXShellScriptBuildPhase section */
		02A75E64DC7E1B271E9D66AF /* [CP] Check Pods Manifest.lock */ = {
			isa = PBXShellScriptBuildPhase;
			buildActionMask = 2147483647;
			files = (
			);
			inputFileListPaths = (
			);
			inputPaths = (
				"${PODS_PODFILE_DIR_PATH}/Podfile.lock",
				"${PODS_ROOT}/Manifest.lock",
			);
			name = "[CP] Check Pods Manifest.lock";
			outputFileListPaths = (
			);
			outputPaths = (
				"$(DERIVED_FILE_DIR)/Pods-Yyaoqi-checkManifestLockResult.txt",
			);
			runOnlyForDeploymentPostprocessing = 0;
			shellPath = /bin/sh;
			shellScript = "diff \"${PODS_PODFILE_DIR_PATH}/Podfile.lock\" \"${PODS_ROOT}/Manifest.lock\" > /dev/null\nif [ $? != 0 ] ; then\n    # print error to STDERR\n    echo \"error: The sandbox is not in sync with the Podfile.lock. Run 'pod install' or update your CocoaPods installation.\" >&2\n    exit 1\nfi\n# This output is used by Xcode 'outputs' to avoid re-running this script phase.\necho \"SUCCESS\" > \"${SCRIPT_OUTPUT_FILE_0}\"\n";
			showEnvVarsInLog = 0;
		};
		308B80BC1CCEB4B29E8FDA05 /* [CP] Embed Pods Frameworks */ = {
			isa = PBXShellScriptBuildPhase;
			buildActionMask = 2147483647;
			files = (
			);
			inputFileListPaths = (
				"${PODS_ROOT}/Target Support Files/Pods-Yyaoqi/Pods-Yyaoqi-frameworks-${CONFIGURATION}-input-files.xcfilelist",
			);
			name = "[CP] Embed Pods Frameworks";
			outputFileListPaths = (
				"${PODS_ROOT}/Target Support Files/Pods-Yyaoqi/Pods-Yyaoqi-frameworks-${CONFIGURATION}-output-files.xcfilelist",
			);
			runOnlyForDeploymentPostprocessing = 0;
			shellPath = /bin/sh;
			shellScript = "\"${PODS_ROOT}/Target Support Files/Pods-Yyaoqi/Pods-Yyaoqi-frameworks.sh\"\n";
			showEnvVarsInLog = 0;
		};
		6BA27FD4F054D0931419FF50 /* [CP] Check Pods Manifest.lock */ = {
			isa = PBXShellScriptBuildPhase;
			buildActionMask = 2147483647;
			files = (
			);
			inputFileListPaths = (
			);
			inputPaths = (
				"${PODS_PODFILE_DIR_PATH}/Podfile.lock",
				"${PODS_ROOT}/Manifest.lock",
			);
			name = "[CP] Check Pods Manifest.lock";
			outputFileListPaths = (
			);
			outputPaths = (
				"$(DERIVED_FILE_DIR)/Pods-YyaoqiTests-checkManifestLockResult.txt",
			);
			runOnlyForDeploymentPostprocessing = 0;
			shellPath = /bin/sh;
			shellScript = "diff \"${PODS_PODFILE_DIR_PATH}/Podfile.lock\" \"${PODS_ROOT}/Manifest.lock\" > /dev/null\nif [ $? != 0 ] ; then\n    # print error to STDERR\n    echo \"error: The sandbox is not in sync with the Podfile.lock. Run 'pod install' or update your CocoaPods installation.\" >&2\n    exit 1\nfi\n# This output is used by Xcode 'outputs' to avoid re-running this script phase.\necho \"SUCCESS\" > \"${SCRIPT_OUTPUT_FILE_0}\"\n";
			showEnvVarsInLog = 0;
		};
		B35FBC8801DDD1E3CDCB8121 /* [CP] Check Pods Manifest.lock */ = {
			isa = PBXShellScriptBuildPhase;
			buildActionMask = 2147483647;
			files = (
			);
			inputFileListPaths = (
			);
			inputPaths = (
				"${PODS_PODFILE_DIR_PATH}/Podfile.lock",
				"${PODS_ROOT}/Manifest.lock",
			);
			name = "[CP] Check Pods Manifest.lock";
			outputFileListPaths = (
			);
			outputPaths = (
				"$(DERIVED_FILE_DIR)/Pods-Yyaoqi-YyaoqiUITests-checkManifestLockResult.txt",
			);
			runOnlyForDeploymentPostprocessing = 0;
			shellPath = /bin/sh;
			shellScript = "diff \"${PODS_PODFILE_DIR_PATH}/Podfile.lock\" \"${PODS_ROOT}/Manifest.lock\" > /dev/null\nif [ $? != 0 ] ; then\n    # print error to STDERR\n    echo \"error: The sandbox is not in sync with the Podfile.lock. Run 'pod install' or update your CocoaPods installation.\" >&2\n    exit 1\nfi\n# This output is used by Xcode 'outputs' to avoid re-running this script phase.\necho \"SUCCESS\" > \"${SCRIPT_OUTPUT_FILE_0}\"\n";
			showEnvVarsInLog = 0;
		};
		CEF5F0CF4E68FAF82AD01A9D /* [CP] Embed Pods Frameworks */ = {
			isa = PBXShellScriptBuildPhase;
			buildActionMask = 2147483647;
			files = (
			);
			inputFileListPaths = (
				"${PODS_ROOT}/Target Support Files/Pods-Yyaoqi-YyaoqiUITests/Pods-Yyaoqi-YyaoqiUITests-frameworks-${CONFIGURATION}-input-files.xcfilelist",
			);
			name = "[CP] Embed Pods Frameworks";
			outputFileListPaths = (
				"${PODS_ROOT}/Target Support Files/Pods-Yyaoqi-YyaoqiUITests/Pods-Yyaoqi-YyaoqiUITests-frameworks-${CONFIGURATION}-output-files.xcfilelist",
			);
			runOnlyForDeploymentPostprocessing = 0;
			shellPath = /bin/sh;
			shellScript = "\"${PODS_ROOT}/Target Support Files/Pods-Yyaoqi-YyaoqiUITests/Pods-Yyaoqi-YyaoqiUITests-frameworks.sh\"\n";
			showEnvVarsInLog = 0;
		};
/* End PBXShellScriptBuildPhase section */

/* Begin PBXSourcesBuildPhase section */
		04311894251F36D00077AE9B /* Sources */ = {
			isa = PBXSourcesBuildPhase;
			buildActionMask = 2147483647;
			files = (
				045E483F251F4DE80024C97E /* PageController.swift in Sources */,
				04073495251F381A003E3C3E /* Global.swift in Sources */,
				043FB3BD25209DBB00A36BFC /* SearchController.swift in Sources */,
				040734CC251F4AFC003E3C3E /* BaseController.swift in Sources */,
				040734E3251F4B4D003E3C3E /* MineHeaderView.swift in Sources */,
				04B054322520DB8900E030B8 /* SearchCollectionViewCell.swift in Sources */,
				040734D9251F4B1B003E3C3E /* TabBarController.swift in Sources */,
				043118A0251F36D00077AE9B /* ViewController.swift in Sources */,
				043FB3C225209DD000A36BFC /* SearchHeaderView.swift in Sources */,
				040734DE251F4B3A003E3C3E /* BaseTableViewCell.swift in Sources */,
				040734BD251F4A0D003E3C3E /* ParallaxHeaderMode.swift in Sources */,
				040734B5251F49FA003E3C3E /* UIColorExtension.swift in Sources */,
				0465A57425206B090065F014 /* Model.swift in Sources */,
				0431189C251F36D00077AE9B /* AppDelegate.swift in Sources */,
				040734C7251F4A8C003E3C3E /* ParallaxHeader.swift in Sources */,
				0431189E251F36D00077AE9B /* SceneDelegate.swift in Sources */,
				040734C2251F4A1D003E3C3E /* UIScrollView+ParallaxHeader.swift in Sources */,
				040734E8251F4B5D003E3C3E /* MineController.swift in Sources */,
				040734D4251F4B0E003E3C3E /* NaviController.swift in Sources */,
				0465A56F25205E330065F014 /* API.swift in Sources */,
				045E483A251F4DB80024C97E /* HomeController.swift in Sources */,
			);
			runOnlyForDeploymentPostprocessing = 0;
		};
		043118AA251F36D40077AE9B /* Sources */ = {
			isa = PBXSourcesBuildPhase;
			buildActionMask = 2147483647;
			files = (
				043118B3251F36D40077AE9B /* YyaoqiTests.swift in Sources */,
			);
			runOnlyForDeploymentPostprocessing = 0;
		};
		043118B5251F36D40077AE9B /* Sources */ = {
			isa = PBXSourcesBuildPhase;
			buildActionMask = 2147483647;
			files = (
				043118BE251F36D40077AE9B /* YyaoqiUITests.swift in Sources */,
			);
			runOnlyForDeploymentPostprocessing = 0;
		};
/* End PBXSourcesBuildPhase section */

/* Begin PBXTargetDependency section */
		043118B0251F36D40077AE9B /* PBXTargetDependency */ = {
			isa = PBXTargetDependency;
			target = 04311897251F36D00077AE9B /* Yyaoqi */;
			targetProxy = 043118AF251F36D40077AE9B /* PBXContainerItemProxy */;
		};
		043118BB251F36D40077AE9B /* PBXTargetDependency */ = {
			isa = PBXTargetDependency;
			target = 04311897251F36D00077AE9B /* Yyaoqi */;
			targetProxy = 043118BA251F36D40077AE9B /* PBXContainerItemProxy */;
		};
/* End PBXTargetDependency section */

/* Begin PBXVariantGroup section */
		043118A1251F36D00077AE9B /* Main.storyboard */ = {
			isa = PBXVariantGroup;
			children = (
				043118A2251F36D00077AE9B /* Base */,
			);
			name = Main.storyboard;
			sourceTree = "<group>";
		};
		043118A6251F36D40077AE9B /* LaunchScreen.storyboard */ = {
			isa = PBXVariantGroup;
			children = (
				043118A7251F36D40077AE9B /* Base */,
			);
			name = LaunchScreen.storyboard;
			sourceTree = "<group>";
		};
/* End PBXVariantGroup section */

/* Begin XCBuildConfiguration section */
		043118C0251F36D40077AE9B /* Debug */ = {
			isa = XCBuildConfiguration;
			buildSettings = {
				ALWAYS_SEARCH_USER_PATHS = NO;
				CLANG_ANALYZER_NONNULL = YES;
				CLANG_ANALYZER_NUMBER_OBJECT_CONVERSION = YES_AGGRESSIVE;
				CLANG_CXX_LANGUAGE_STANDARD = "gnu++14";
				CLANG_CXX_LIBRARY = "libc++";
				CLANG_ENABLE_MODULES = YES;
				CLANG_ENABLE_OBJC_ARC = YES;
				CLANG_ENABLE_OBJC_WEAK = YES;
				CLANG_WARN_BLOCK_CAPTURE_AUTORELEASING = YES;
				CLANG_WARN_BOOL_CONVERSION = YES;
				CLANG_WARN_COMMA = YES;
				CLANG_WARN_CONSTANT_CONVERSION = YES;
				CLANG_WARN_DEPRECATED_OBJC_IMPLEMENTATIONS = YES;
				CLANG_WARN_DIRECT_OBJC_ISA_USAGE = YES_ERROR;
				CLANG_WARN_DOCUMENTATION_COMMENTS = YES;
				CLANG_WARN_EMPTY_BODY = YES;
				CLANG_WARN_ENUM_CONVERSION = YES;
				CLANG_WARN_INFINITE_RECURSION = YES;
				CLANG_WARN_INT_CONVERSION = YES;
				CLANG_WARN_NON_LITERAL_NULL_CONVERSION = YES;
				CLANG_WARN_OBJC_IMPLICIT_RETAIN_SELF = YES;
				CLANG_WARN_OBJC_LITERAL_CONVERSION = YES;
				CLANG_WARN_OBJC_ROOT_CLASS = YES_ERROR;
				CLANG_WARN_QUOTED_INCLUDE_IN_FRAMEWORK_HEADER = YES;
				CLANG_WARN_RANGE_LOOP_ANALYSIS = YES;
				CLANG_WARN_STRICT_PROTOTYPES = YES;
				CLANG_WARN_SUSPICIOUS_MOVE = YES;
				CLANG_WARN_UNGUARDED_AVAILABILITY = YES_AGGRESSIVE;
				CLANG_WARN_UNREACHABLE_CODE = YES;
				CLANG_WARN__DUPLICATE_METHOD_MATCH = YES;
				COPY_PHASE_STRIP = NO;
				DEBUG_INFORMATION_FORMAT = dwarf;
				ENABLE_STRICT_OBJC_MSGSEND = YES;
				ENABLE_TESTABILITY = YES;
				GCC_C_LANGUAGE_STANDARD = gnu11;
				GCC_DYNAMIC_NO_PIC = NO;
				GCC_NO_COMMON_BLOCKS = YES;
				GCC_OPTIMIZATION_LEVEL = 0;
				GCC_PREPROCESSOR_DEFINITIONS = (
					"DEBUG=1",
					"$(inherited)",
				);
				GCC_WARN_64_TO_32_BIT_CONVERSION = YES;
				GCC_WARN_ABOUT_RETURN_TYPE = YES_ERROR;
				GCC_WARN_UNDECLARED_SELECTOR = YES;
				GCC_WARN_UNINITIALIZED_AUTOS = YES_AGGRESSIVE;
				GCC_WARN_UNUSED_FUNCTION = YES;
				GCC_WARN_UNUSED_VARIABLE = YES;
				IPHONEOS_DEPLOYMENT_TARGET = 14.0;
				MTL_ENABLE_DEBUG_INFO = INCLUDE_SOURCE;
				MTL_FAST_MATH = YES;
				ONLY_ACTIVE_ARCH = YES;
				SDKROOT = iphoneos;
				SWIFT_ACTIVE_COMPILATION_CONDITIONS = DEBUG;
				SWIFT_OPTIMIZATION_LEVEL = "-Onone";
			};
			name = Debug;
		};
		043118C1251F36D40077AE9B /* Release */ = {
			isa = XCBuildConfiguration;
			buildSettings = {
				ALWAYS_SEARCH_USER_PATHS = NO;
				CLANG_ANALYZER_NONNULL = YES;
				CLANG_ANALYZER_NUMBER_OBJECT_CONVERSION = YES_AGGRESSIVE;
				CLANG_CXX_LANGUAGE_STANDARD = "gnu++14";
				CLANG_CXX_LIBRARY = "libc++";
				CLANG_ENABLE_MODULES = YES;
				CLANG_ENABLE_OBJC_ARC = YES;
				CLANG_ENABLE_OBJC_WEAK = YES;
				CLANG_WARN_BLOCK_CAPTURE_AUTORELEASING = YES;
				CLANG_WARN_BOOL_CONVERSION = YES;
				CLANG_WARN_COMMA = YES;
				CLANG_WARN_CONSTANT_CONVERSION = YES;
				CLANG_WARN_DEPRECATED_OBJC_IMPLEMENTATIONS = YES;
				CLANG_WARN_DIRECT_OBJC_ISA_USAGE = YES_ERROR;
				CLANG_WARN_DOCUMENTATION_COMMENTS = YES;
				CLANG_WARN_EMPTY_BODY = YES;
				CLANG_WARN_ENUM_CONVERSION = YES;
				CLANG_WARN_INFINITE_RECURSION = YES;
				CLANG_WARN_INT_CONVERSION = YES;
				CLANG_WARN_NON_LITERAL_NULL_CONVERSION = YES;
				CLANG_WARN_OBJC_IMPLICIT_RETAIN_SELF = YES;
				CLANG_WARN_OBJC_LITERAL_CONVERSION = YES;
				CLANG_WARN_OBJC_ROOT_CLASS = YES_ERROR;
				CLANG_WARN_QUOTED_INCLUDE_IN_FRAMEWORK_HEADER = YES;
				CLANG_WARN_RANGE_LOOP_ANALYSIS = YES;
				CLANG_WARN_STRICT_PROTOTYPES = YES;
				CLANG_WARN_SUSPICIOUS_MOVE = YES;
				CLANG_WARN_UNGUARDED_AVAILABILITY = YES_AGGRESSIVE;
				CLANG_WARN_UNREACHABLE_CODE = YES;
				CLANG_WARN__DUPLICATE_METHOD_MATCH = YES;
				COPY_PHASE_STRIP = NO;
				DEBUG_INFORMATION_FORMAT = "dwarf-with-dsym";
				ENABLE_NS_ASSERTIONS = NO;
				ENABLE_STRICT_OBJC_MSGSEND = YES;
				GCC_C_LANGUAGE_STANDARD = gnu11;
				GCC_NO_COMMON_BLOCKS = YES;
				GCC_WARN_64_TO_32_BIT_CONVERSION = YES;
				GCC_WARN_ABOUT_RETURN_TYPE = YES_ERROR;
				GCC_WARN_UNDECLARED_SELECTOR = YES;
				GCC_WARN_UNINITIALIZED_AUTOS = YES_AGGRESSIVE;
				GCC_WARN_UNUSED_FUNCTION = YES;
				GCC_WARN_UNUSED_VARIABLE = YES;
				IPHONEOS_DEPLOYMENT_TARGET = 14.0;
				MTL_ENABLE_DEBUG_INFO = NO;
				MTL_FAST_MATH = YES;
				SDKROOT = iphoneos;
				SWIFT_COMPILATION_MODE = wholemodule;
				SWIFT_OPTIMIZATION_LEVEL = "-O";
				VALIDATE_PRODUCT = YES;
			};
			name = Release;
		};
		043118C3251F36D40077AE9B /* Debug */ = {
			isa = XCBuildConfiguration;
			baseConfigurationReference = B997060F75FFF2810DCC8C35 /* Pods-Yyaoqi.debug.xcconfig */;
			buildSettings = {
				ASSETCATALOG_COMPILER_APPICON_NAME = AppIcon;
				ASSETCATALOG_COMPILER_GLOBAL_ACCENT_COLOR_NAME = AccentColor;
				CODE_SIGN_STYLE = Automatic;
				INFOPLIST_FILE = Yyaoqi/Info.plist;
				LD_RUNPATH_SEARCH_PATHS = (
					"$(inherited)",
					"@executable_path/Frameworks",
				);
				PRODUCT_BUNDLE_IDENTIFIER = CQwwl.Yyaoqi;
				PRODUCT_NAME = "$(TARGET_NAME)";
				SWIFT_VERSION = 5.0;
				TARGETED_DEVICE_FAMILY = "1,2";
			};
			name = Debug;
		};
		043118C4251F36D40077AE9B /* Release */ = {
			isa = XCBuildConfiguration;
			baseConfigurationReference = 743C233224A27E255AC7FB6D /* Pods-Yyaoqi.release.xcconfig */;
			buildSettings = {
				ASSETCATALOG_COMPILER_APPICON_NAME = AppIcon;
				ASSETCATALOG_COMPILER_GLOBAL_ACCENT_COLOR_NAME = AccentColor;
				CODE_SIGN_STYLE = Automatic;
				INFOPLIST_FILE = Yyaoqi/Info.plist;
				LD_RUNPATH_SEARCH_PATHS = (
					"$(inherited)",
					"@executable_path/Frameworks",
				);
				PRODUCT_BUNDLE_IDENTIFIER = CQwwl.Yyaoqi;
				PRODUCT_NAME = "$(TARGET_NAME)";
				SWIFT_VERSION = 5.0;
				TARGETED_DEVICE_FAMILY = "1,2";
			};
			name = Release;
		};
		043118C6251F36D40077AE9B /* Debug */ = {
			isa = XCBuildConfiguration;
			baseConfigurationReference = 9B76E6DECE084F99F6E8F347 /* Pods-YyaoqiTests.debug.xcconfig */;
			buildSettings = {
				ALWAYS_EMBED_SWIFT_STANDARD_LIBRARIES = YES;
				BUNDLE_LOADER = "$(TEST_HOST)";
				CODE_SIGN_STYLE = Automatic;
				INFOPLIST_FILE = YyaoqiTests/Info.plist;
				IPHONEOS_DEPLOYMENT_TARGET = 14.0;
				LD_RUNPATH_SEARCH_PATHS = (
					"$(inherited)",
					"@executable_path/Frameworks",
					"@loader_path/Frameworks",
				);
				PRODUCT_BUNDLE_IDENTIFIER = CQwwl.YyaoqiTests;
				PRODUCT_NAME = "$(TARGET_NAME)";
				SWIFT_VERSION = 5.0;
				TARGETED_DEVICE_FAMILY = "1,2";
				TEST_HOST = "$(BUILT_PRODUCTS_DIR)/Yyaoqi.app/Yyaoqi";
			};
			name = Debug;
		};
		043118C7251F36D40077AE9B /* Release */ = {
			isa = XCBuildConfiguration;
			baseConfigurationReference = F2F5F9EA3B2244679C55D0C0 /* Pods-YyaoqiTests.release.xcconfig */;
			buildSettings = {
				ALWAYS_EMBED_SWIFT_STANDARD_LIBRARIES = YES;
				BUNDLE_LOADER = "$(TEST_HOST)";
				CODE_SIGN_STYLE = Automatic;
				INFOPLIST_FILE = YyaoqiTests/Info.plist;
				IPHONEOS_DEPLOYMENT_TARGET = 14.0;
				LD_RUNPATH_SEARCH_PATHS = (
					"$(inherited)",
					"@executable_path/Frameworks",
					"@loader_path/Frameworks",
				);
				PRODUCT_BUNDLE_IDENTIFIER = CQwwl.YyaoqiTests;
				PRODUCT_NAME = "$(TARGET_NAME)";
				SWIFT_VERSION = 5.0;
				TARGETED_DEVICE_FAMILY = "1,2";
				TEST_HOST = "$(BUILT_PRODUCTS_DIR)/Yyaoqi.app/Yyaoqi";
			};
			name = Release;
		};
		043118C9251F36D40077AE9B /* Debug */ = {
			isa = XCBuildConfiguration;
			baseConfigurationReference = 9B59D13794AF5387E00BE302 /* Pods-Yyaoqi-YyaoqiUITests.debug.xcconfig */;
			buildSettings = {
				ALWAYS_EMBED_SWIFT_STANDARD_LIBRARIES = YES;
				CODE_SIGN_STYLE = Automatic;
				INFOPLIST_FILE = YyaoqiUITests/Info.plist;
				LD_RUNPATH_SEARCH_PATHS = (
					"$(inherited)",
					"@executable_path/Frameworks",
					"@loader_path/Frameworks",
				);
				PRODUCT_BUNDLE_IDENTIFIER = CQwwl.YyaoqiUITests;
				PRODUCT_NAME = "$(TARGET_NAME)";
				SWIFT_VERSION = 5.0;
				TARGETED_DEVICE_FAMILY = "1,2";
				TEST_TARGET_NAME = Yyaoqi;
			};
			name = Debug;
		};
		043118CA251F36D40077AE9B /* Release */ = {
			isa = XCBuildConfiguration;
			baseConfigurationReference = DC92892E5FD6A51D499DDBB3 /* Pods-Yyaoqi-YyaoqiUITests.release.xcconfig */;
			buildSettings = {
				ALWAYS_EMBED_SWIFT_STANDARD_LIBRARIES = YES;
				CODE_SIGN_STYLE = Automatic;
				INFOPLIST_FILE = YyaoqiUITests/Info.plist;
				LD_RUNPATH_SEARCH_PATHS = (
					"$(inherited)",
					"@executable_path/Frameworks",
					"@loader_path/Frameworks",
				);
				PRODUCT_BUNDLE_IDENTIFIER = CQwwl.YyaoqiUITests;
				PRODUCT_NAME = "$(TARGET_NAME)";
				SWIFT_VERSION = 5.0;
				TARGETED_DEVICE_FAMILY = "1,2";
				TEST_TARGET_NAME = Yyaoqi;
			};
			name = Release;
		};
/* End XCBuildConfiguration section */

/* Begin XCConfigurationList section */
		04311893251F36D00077AE9B /* Build configuration list for PBXProject "Yyaoqi" */ = {
			isa = XCConfigurationList;
			buildConfigurations = (
				043118C0251F36D40077AE9B /* Debug */,
				043118C1251F36D40077AE9B /* Release */,
			);
			defaultConfigurationIsVisible = 0;
			defaultConfigurationName = Release;
		};
		043118C2251F36D40077AE9B /* Build configuration list for PBXNativeTarget "Yyaoqi" */ = {
			isa = XCConfigurationList;
			buildConfigurations = (
				043118C3251F36D40077AE9B /* Debug */,
				043118C4251F36D40077AE9B /* Release */,
			);
			defaultConfigurationIsVisible = 0;
			defaultConfigurationName = Release;
		};
		043118C5251F36D40077AE9B /* Build configuration list for PBXNativeTarget "YyaoqiTests" */ = {
			isa = XCConfigurationList;
			buildConfigurations = (
				043118C6251F36D40077AE9B /* Debug */,
				043118C7251F36D40077AE9B /* Release */,
			);
			defaultConfigurationIsVisible = 0;
			defaultConfigurationName = Release;
		};
		043118C8251F36D40077AE9B /* Build configuration list for PBXNativeTarget "YyaoqiUITests" */ = {
			isa = XCConfigurationList;
			buildConfigurations = (
				043118C9251F36D40077AE9B /* Debug */,
				043118CA251F36D40077AE9B /* Release */,
			);
			defaultConfigurationIsVisible = 0;
			defaultConfigurationName = Release;
		};
/* End XCConfigurationList section */
	};
	rootObject = 04311890251F36D00077AE9B /* Project object */;
}
